
Microsoft Visual Studio Solution File, Format Version 12.00
# Visual Studio Version 17
VisualStudioVersion = 17.13.35825.156 d17.13
MinimumVisualStudioVersion = 10.0.40219.1
Project("{FAE04EC0-301F-11D3-BF4B-00C04F79EFBC}") = "PruebaZasylogic", "PruebaZasylogic\PruebaZasylogic.csproj", "{E5FB6A81-A75B-47C5-B8BD-48057F6DE671}"
EndProject
Global
	GlobalSection(SolutionConfigurationPlatforms) = preSolution
		Debug|Any CPU = Debug|Any CPU
		Release|Any CPU = Release|Any CPU
	EndGlobalSection
	GlobalSection(ProjectConfigurationPlatforms) = postSolution
		{E5FB6A81-A75B-47C5-B8BD-48057F6DE671}.Debug|Any CPU.ActiveCfg = Debug|Any CPU
		{E5FB6A81-A75B-47C5-B8BD-48057F6DE671}.Debug|Any CPU.Build.0 = Debug|Any CPU
		{E5FB6A81-A75B-47C5-B8BD-48057F6DE671}.Release|Any CPU.ActiveCfg = Release|Any CPU
		{E5FB6A81-A75B-47C5-B8BD-48057F6DE671}.Release|Any CPU.Build.0 = Release|Any CPU
	EndGlobalSection
	GlobalSection(SolutionProperties) = preSolution
		HideSolutionNode = FALSE
	EndGlobalSection
	GlobalSection(ExtensibilityGlobals) = postSolution
		SolutionGuid = {849EEF16-B51A-4110-A90E-B503091A7CC4}
	EndGlobalSection
EndGlobal
